// !$*UTF8*$!
{
	archiveVersion = 1;
	classes = {
	};
	objectVersion = 56;
	objects = {

/* Begin PBXBuildFile section */
		9105530D2AF5BC960083ADFF /* NetworkError.swift in Sources */ = {isa = PBXBuildFile; fileRef = 9105530C2AF5BC960083ADFF /* NetworkError.swift */; };
		910553142AF5BE570083ADFF /* Localizable.xcstrings in Resources */ = {isa = PBXBuildFile; fileRef = 910553132AF5BE570083ADFF /* Localizable.xcstrings */; };
		910553172AF5C97C0083ADFF /* Localized.swift in Sources */ = {isa = PBXBuildFile; fileRef = 910553162AF5C97C0083ADFF /* Localized.swift */; };
		910553192AF5CF0C0083ADFF /* LocalizableStrings.swift in Sources */ = {isa = PBXBuildFile; fileRef = 910553182AF5CF0C0083ADFF /* LocalizableStrings.swift */; };
		9105531B2AF5D1840083ADFF /* APIClient.swift in Sources */ = {isa = PBXBuildFile; fileRef = 9105531A2AF5D1840083ADFF /* APIClient.swift */; };
		9105531D2AF5D2520083ADFF /* EndPoint.swift in Sources */ = {isa = PBXBuildFile; fileRef = 9105531C2AF5D2520083ADFF /* EndPoint.swift */; };
		9105531F2AF5DB040083ADFF /* GithubService.swift in Sources */ = {isa = PBXBuildFile; fileRef = 9105531E2AF5DB040083ADFF /* GithubService.swift */; };
		910553222AF5DCA20083ADFF /* Array.swift in Sources */ = {isa = PBXBuildFile; fileRef = 910553212AF5DCA20083ADFF /* Array.swift */; };
		910553252AF5E6670083ADFF /* EmojiModel.swift in Sources */ = {isa = PBXBuildFile; fileRef = 910553242AF5E6670083ADFF /* EmojiModel.swift */; };
		910553282AF5EA4C0083ADFF /* EmojiAdapter.swift in Sources */ = {isa = PBXBuildFile; fileRef = 910553272AF5EA4C0083ADFF /* EmojiAdapter.swift */; };
		9105532A2AF5F2E00083ADFF /* EmojiView.swift in Sources */ = {isa = PBXBuildFile; fileRef = 910553292AF5F2E00083ADFF /* EmojiView.swift */; };
		9105532C2AF60E020083ADFF /* EmojisListView.swift in Sources */ = {isa = PBXBuildFile; fileRef = 9105532B2AF60E020083ADFF /* EmojisListView.swift */; };
		91670D792AF7F78400FFC655 /* MainViewModel.swift in Sources */ = {isa = PBXBuildFile; fileRef = 91670D782AF7F78400FFC655 /* MainViewModel.swift */; };
		91670D7D2AF7F7CA00FFC655 /* EmojisListViewModel.swift in Sources */ = {isa = PBXBuildFile; fileRef = 91670D7C2AF7F7CA00FFC655 /* EmojisListViewModel.swift */; };
		91670D7F2AF7F7D300FFC655 /* EmojisViewModel.swift in Sources */ = {isa = PBXBuildFile; fileRef = 91670D7E2AF7F7D300FFC655 /* EmojisViewModel.swift */; };
		91670D822AF8357D00FFC655 /* emojiList.json in Resources */ = {isa = PBXBuildFile; fileRef = 91670D812AF8357D00FFC655 /* emojiList.json */; };
		91670D862AF83ECD00FFC655 /* Service.swift in Sources */ = {isa = PBXBuildFile; fileRef = 91670D852AF83ECD00FFC655 /* Service.swift */; };
		91670D882AF844B200FFC655 /* EmojiAdapterInterface.swift in Sources */ = {isa = PBXBuildFile; fileRef = 91670D872AF844B200FFC655 /* EmojiAdapterInterface.swift */; };
		91670D8B2AF845DE00FFC655 /* APIClientInterface.swift in Sources */ = {isa = PBXBuildFile; fileRef = 91670D8A2AF845DE00FFC655 /* APIClientInterface.swift */; };
		91670D8E2AF84AD200FFC655 /* GithubServiceMock.swift in Sources */ = {isa = PBXBuildFile; fileRef = 91670D8D2AF84AD200FFC655 /* GithubServiceMock.swift */; };
		91670D902AF84D2800FFC655 /* imageBase64.json in Resources */ = {isa = PBXBuildFile; fileRef = 91670D8F2AF84D2800FFC655 /* imageBase64.json */; };
		91670D922AF8502A00FFC655 /* invalidEmojiList.json in Resources */ = {isa = PBXBuildFile; fileRef = 91670D912AF8502A00FFC655 /* invalidEmojiList.json */; };
		91670D942AF852AF00FFC655 /* URLMocks.swift in Sources */ = {isa = PBXBuildFile; fileRef = 91670D932AF852AF00FFC655 /* URLMocks.swift */; };
		91670D962AF8560D00FFC655 /* MainViewModelTests.swift in Sources */ = {isa = PBXBuildFile; fileRef = 91670D952AF8560D00FFC655 /* MainViewModelTests.swift */; };
		91670D982AF85A0800FFC655 /* ViewState.swift in Sources */ = {isa = PBXBuildFile; fileRef = 91670D972AF85A0800FFC655 /* ViewState.swift */; };
		91670D9A2AF85B0E00FFC655 /* EmojisListViewModelTests.swift in Sources */ = {isa = PBXBuildFile; fileRef = 91670D992AF85B0E00FFC655 /* EmojisListViewModelTests.swift */; };
		91670D9C2AF85E2200FFC655 /* EmojiViewModelTests.swift in Sources */ = {isa = PBXBuildFile; fileRef = 91670D9B2AF85E2200FFC655 /* EmojiViewModelTests.swift */; };
		91E46DD32AF5B93800A835E4 /* BlissMojiApp.swift in Sources */ = {isa = PBXBuildFile; fileRef = 91E46DD22AF5B93800A835E4 /* BlissMojiApp.swift */; };
		91E46DD52AF5B93800A835E4 /* MainView.swift in Sources */ = {isa = PBXBuildFile; fileRef = 91E46DD42AF5B93800A835E4 /* MainView.swift */; };
		91E46DD72AF5B93C00A835E4 /* Assets.xcassets in Resources */ = {isa = PBXBuildFile; fileRef = 91E46DD62AF5B93C00A835E4 /* Assets.xcassets */; };
		91E46DDA2AF5B93C00A835E4 /* Preview Assets.xcassets in Resources */ = {isa = PBXBuildFile; fileRef = 91E46DD92AF5B93C00A835E4 /* Preview Assets.xcassets */; };
		91E46DE42AF5B93C00A835E4 /* EmojiAdapterTests.swift in Sources */ = {isa = PBXBuildFile; fileRef = 91E46DE32AF5B93C00A835E4 /* EmojiAdapterTests.swift */; };
		91E46DEE2AF5B93C00A835E4 /* BlissMojiUITests.swift in Sources */ = {isa = PBXBuildFile; fileRef = 91E46DED2AF5B93C00A835E4 /* BlissMojiUITests.swift */; };
		91E46DF02AF5B93C00A835E4 /* BlissMojiUITestsLaunchTests.swift in Sources */ = {isa = PBXBuildFile; fileRef = 91E46DEF2AF5B93C00A835E4 /* BlissMojiUITestsLaunchTests.swift */; };
/* End PBXBuildFile section */

/* Begin PBXContainerItemProxy section */
		91E46DE02AF5B93C00A835E4 /* PBXContainerItemProxy */ = {
			isa = PBXContainerItemProxy;
			containerPortal = 91E46DC72AF5B93800A835E4 /* Project object */;
			proxyType = 1;
			remoteGlobalIDString = 91E46DCE2AF5B93800A835E4;
			remoteInfo = BlissMoji;
		};
		91E46DEA2AF5B93C00A835E4 /* PBXContainerItemProxy */ = {
			isa = PBXContainerItemProxy;
			containerPortal = 91E46DC72AF5B93800A835E4 /* Project object */;
			proxyType = 1;
			remoteGlobalIDString = 91E46DCE2AF5B93800A835E4;
			remoteInfo = BlissMoji;
		};
/* End PBXContainerItemProxy section */

/* Begin PBXFileReference section */
		9105530C2AF5BC960083ADFF /* NetworkError.swift */ = {isa = PBXFileReference; lastKnownFileType = sourcecode.swift; path = NetworkError.swift; sourceTree = "<group>"; };
		910553132AF5BE570083ADFF /* Localizable.xcstrings */ = {isa = PBXFileReference; lastKnownFileType = text.json.xcstrings; path = Localizable.xcstrings; sourceTree = "<group>"; };
		910553162AF5C97C0083ADFF /* Localized.swift */ = {isa = PBXFileReference; lastKnownFileType = sourcecode.swift; path = Localized.swift; sourceTree = "<group>"; };
		910553182AF5CF0C0083ADFF /* LocalizableStrings.swift */ = {isa = PBXFileReference; lastKnownFileType = sourcecode.swift; path = LocalizableStrings.swift; sourceTree = "<group>"; };
		9105531A2AF5D1840083ADFF /* APIClient.swift */ = {isa = PBXFileReference; lastKnownFileType = sourcecode.swift; path = APIClient.swift; sourceTree = "<group>"; };
		9105531C2AF5D2520083ADFF /* EndPoint.swift */ = {isa = PBXFileReference; lastKnownFileType = sourcecode.swift; path = EndPoint.swift; sourceTree = "<group>"; };
		9105531E2AF5DB040083ADFF /* GithubService.swift */ = {isa = PBXFileReference; lastKnownFileType = sourcecode.swift; path = GithubService.swift; sourceTree = "<group>"; };
		910553212AF5DCA20083ADFF /* Array.swift */ = {isa = PBXFileReference; lastKnownFileType = sourcecode.swift; path = Array.swift; sourceTree = "<group>"; };
		910553242AF5E6670083ADFF /* EmojiModel.swift */ = {isa = PBXFileReference; lastKnownFileType = sourcecode.swift; path = EmojiModel.swift; sourceTree = "<group>"; };
		910553272AF5EA4C0083ADFF /* EmojiAdapter.swift */ = {isa = PBXFileReference; lastKnownFileType = sourcecode.swift; path = EmojiAdapter.swift; sourceTree = "<group>"; };
		910553292AF5F2E00083ADFF /* EmojiView.swift */ = {isa = PBXFileReference; lastKnownFileType = sourcecode.swift; path = EmojiView.swift; sourceTree = "<group>"; };
		9105532B2AF60E020083ADFF /* EmojisListView.swift */ = {isa = PBXFileReference; lastKnownFileType = sourcecode.swift; path = EmojisListView.swift; sourceTree = "<group>"; };
		91670D782AF7F78400FFC655 /* MainViewModel.swift */ = {isa = PBXFileReference; lastKnownFileType = sourcecode.swift; path = MainViewModel.swift; sourceTree = "<group>"; };
		91670D7C2AF7F7CA00FFC655 /* EmojisListViewModel.swift */ = {isa = PBXFileReference; lastKnownFileType = sourcecode.swift; path = EmojisListViewModel.swift; sourceTree = "<group>"; };
		91670D7E2AF7F7D300FFC655 /* EmojisViewModel.swift */ = {isa = PBXFileReference; lastKnownFileType = sourcecode.swift; path = EmojisViewModel.swift; sourceTree = "<group>"; };
		91670D812AF8357D00FFC655 /* emojiList.json */ = {isa = PBXFileReference; lastKnownFileType = text.json; path = emojiList.json; sourceTree = "<group>"; };
		91670D832AF8366F00FFC655 /* BlissMojiTests.xctestplan */ = {isa = PBXFileReference; lastKnownFileType = text; path = BlissMojiTests.xctestplan; sourceTree = "<group>"; };
		91670D852AF83ECD00FFC655 /* Service.swift */ = {isa = PBXFileReference; lastKnownFileType = sourcecode.swift; path = Service.swift; sourceTree = "<group>"; };
		91670D872AF844B200FFC655 /* EmojiAdapterInterface.swift */ = {isa = PBXFileReference; lastKnownFileType = sourcecode.swift; path = EmojiAdapterInterface.swift; sourceTree = "<group>"; };
		91670D8A2AF845DE00FFC655 /* APIClientInterface.swift */ = {isa = PBXFileReference; lastKnownFileType = sourcecode.swift; path = APIClientInterface.swift; sourceTree = "<group>"; };
		91670D8D2AF84AD200FFC655 /* GithubServiceMock.swift */ = {isa = PBXFileReference; lastKnownFileType = sourcecode.swift; path = GithubServiceMock.swift; sourceTree = "<group>"; };
		91670D8F2AF84D2800FFC655 /* imageBase64.json */ = {isa = PBXFileReference; lastKnownFileType = text.json; path = imageBase64.json; sourceTree = "<group>"; };
		91670D912AF8502A00FFC655 /* invalidEmojiList.json */ = {isa = PBXFileReference; lastKnownFileType = text.json; path = invalidEmojiList.json; sourceTree = "<group>"; };
		91670D932AF852AF00FFC655 /* URLMocks.swift */ = {isa = PBXFileReference; lastKnownFileType = sourcecode.swift; path = URLMocks.swift; sourceTree = "<group>"; };
		91670D952AF8560D00FFC655 /* MainViewModelTests.swift */ = {isa = PBXFileReference; lastKnownFileType = sourcecode.swift; path = MainViewModelTests.swift; sourceTree = "<group>"; };
		91670D972AF85A0800FFC655 /* ViewState.swift */ = {isa = PBXFileReference; lastKnownFileType = sourcecode.swift; path = ViewState.swift; sourceTree = "<group>"; };
		91670D992AF85B0E00FFC655 /* EmojisListViewModelTests.swift */ = {isa = PBXFileReference; lastKnownFileType = sourcecode.swift; path = EmojisListViewModelTests.swift; sourceTree = "<group>"; };
		91670D9B2AF85E2200FFC655 /* EmojiViewModelTests.swift */ = {isa = PBXFileReference; lastKnownFileType = sourcecode.swift; path = EmojiViewModelTests.swift; sourceTree = "<group>"; };
		91E46DCF2AF5B93800A835E4 /* BlissMoji.app */ = {isa = PBXFileReference; explicitFileType = wrapper.application; includeInIndex = 0; path = BlissMoji.app; sourceTree = BUILT_PRODUCTS_DIR; };
		91E46DD22AF5B93800A835E4 /* BlissMojiApp.swift */ = {isa = PBXFileReference; lastKnownFileType = sourcecode.swift; path = BlissMojiApp.swift; sourceTree = "<group>"; };
		91E46DD42AF5B93800A835E4 /* MainView.swift */ = {isa = PBXFileReference; lastKnownFileType = sourcecode.swift; path = MainView.swift; sourceTree = "<group>"; };
		91E46DD62AF5B93C00A835E4 /* Assets.xcassets */ = {isa = PBXFileReference; lastKnownFileType = folder.assetcatalog; path = Assets.xcassets; sourceTree = "<group>"; };
		91E46DD92AF5B93C00A835E4 /* Preview Assets.xcassets */ = {isa = PBXFileReference; lastKnownFileType = folder.assetcatalog; path = "Preview Assets.xcassets"; sourceTree = "<group>"; };
		91E46DDF2AF5B93C00A835E4 /* BlissMojiTests.xctest */ = {isa = PBXFileReference; explicitFileType = wrapper.cfbundle; includeInIndex = 0; path = BlissMojiTests.xctest; sourceTree = BUILT_PRODUCTS_DIR; };
		91E46DE32AF5B93C00A835E4 /* EmojiAdapterTests.swift */ = {isa = PBXFileReference; lastKnownFileType = sourcecode.swift; path = EmojiAdapterTests.swift; sourceTree = "<group>"; };
		91E46DE92AF5B93C00A835E4 /* BlissMojiUITests.xctest */ = {isa = PBXFileReference; explicitFileType = wrapper.cfbundle; includeInIndex = 0; path = BlissMojiUITests.xctest; sourceTree = BUILT_PRODUCTS_DIR; };
		91E46DED2AF5B93C00A835E4 /* BlissMojiUITests.swift */ = {isa = PBXFileReference; lastKnownFileType = sourcecode.swift; path = BlissMojiUITests.swift; sourceTree = "<group>"; };
		91E46DEF2AF5B93C00A835E4 /* BlissMojiUITestsLaunchTests.swift */ = {isa = PBXFileReference; lastKnownFileType = sourcecode.swift; path = BlissMojiUITestsLaunchTests.swift; sourceTree = "<group>"; };
/* End PBXFileReference section */

/* Begin PBXFrameworksBuildPhase section */
		91E46DCC2AF5B93800A835E4 /* Frameworks */ = {
			isa = PBXFrameworksBuildPhase;
			buildActionMask = 2147483647;
			files = (
			);
			runOnlyForDeploymentPostprocessing = 0;
		};
		91E46DDC2AF5B93C00A835E4 /* Frameworks */ = {
			isa = PBXFrameworksBuildPhase;
			buildActionMask = 2147483647;
			files = (
			);
			runOnlyForDeploymentPostprocessing = 0;
		};
		91E46DE62AF5B93C00A835E4 /* Frameworks */ = {
			isa = PBXFrameworksBuildPhase;
			buildActionMask = 2147483647;
			files = (
			);
			runOnlyForDeploymentPostprocessing = 0;
		};
/* End PBXFrameworksBuildPhase section */

/* Begin PBXGroup section */
		910553062AF5BAF90083ADFF /* Service */ = {
			isa = PBXGroup;
			children = (
				910553262AF5EA3B0083ADFF /* Adapters */,
				910553072AF5BB280083ADFF /* Models */,
				91670D892AF845D200FFC655 /* APIClient */,
				91670D8C2AF8497A00FFC655 /* Services */,
				9105531C2AF5D2520083ADFF /* EndPoint.swift */,
			);
			path = Service;
			sourceTree = "<group>";
		};
		910553072AF5BB280083ADFF /* Models */ = {
			isa = PBXGroup;
			children = (
				910553242AF5E6670083ADFF /* EmojiModel.swift */,
			);
			path = Models;
			sourceTree = "<group>";
		};
		9105530A2AF5BC7E0083ADFF /* Common */ = {
			isa = PBXGroup;
			children = (
				910553202AF5DC9A0083ADFF /* Extensions */,
				9105530B2AF5BC850083ADFF /* Error */,
				91670D972AF85A0800FFC655 /* ViewState.swift */,
			);
			path = Common;
			sourceTree = "<group>";
		};
		9105530B2AF5BC850083ADFF /* Error */ = {
			isa = PBXGroup;
			children = (
				9105530C2AF5BC960083ADFF /* NetworkError.swift */,
			);
			path = Error;
			sourceTree = "<group>";
		};
		910553152AF5C9220083ADFF /* Localizable */ = {
			isa = PBXGroup;
			children = (
				910553132AF5BE570083ADFF /* Localizable.xcstrings */,
				910553162AF5C97C0083ADFF /* Localized.swift */,
				910553182AF5CF0C0083ADFF /* LocalizableStrings.swift */,
			);
			path = Localizable;
			sourceTree = "<group>";
		};
		910553202AF5DC9A0083ADFF /* Extensions */ = {
			isa = PBXGroup;
			children = (
				910553212AF5DCA20083ADFF /* Array.swift */,
			);
			path = Extensions;
			sourceTree = "<group>";
		};
		910553232AF5DD970083ADFF /* Views */ = {
			isa = PBXGroup;
			children = (
				91670D772AF7F77900FFC655 /* MainView */,
				91670D7A2AF7F78B00FFC655 /* ListView */,
				91670D7B2AF7F7B600FFC655 /* ImageView */,
			);
			path = Views;
			sourceTree = "<group>";
		};
		910553262AF5EA3B0083ADFF /* Adapters */ = {
			isa = PBXGroup;
			children = (
				910553272AF5EA4C0083ADFF /* EmojiAdapter.swift */,
				91670D872AF844B200FFC655 /* EmojiAdapterInterface.swift */,
			);
			path = Adapters;
			sourceTree = "<group>";
		};
		91670D772AF7F77900FFC655 /* MainView */ = {
			isa = PBXGroup;
			children = (
				91E46DD42AF5B93800A835E4 /* MainView.swift */,
				91670D782AF7F78400FFC655 /* MainViewModel.swift */,
			);
			path = MainView;
			sourceTree = "<group>";
		};
		91670D7A2AF7F78B00FFC655 /* ListView */ = {
			isa = PBXGroup;
			children = (
				9105532B2AF60E020083ADFF /* EmojisListView.swift */,
				91670D7C2AF7F7CA00FFC655 /* EmojisListViewModel.swift */,
			);
			path = ListView;
			sourceTree = "<group>";
		};
		91670D7B2AF7F7B600FFC655 /* ImageView */ = {
			isa = PBXGroup;
			children = (
				910553292AF5F2E00083ADFF /* EmojiView.swift */,
				91670D7E2AF7F7D300FFC655 /* EmojisViewModel.swift */,
			);
			path = ImageView;
			sourceTree = "<group>";
		};
		91670D802AF8354A00FFC655 /* Json */ = {
			isa = PBXGroup;
			children = (
				91670D812AF8357D00FFC655 /* emojiList.json */,
				91670D8F2AF84D2800FFC655 /* imageBase64.json */,
				91670D912AF8502A00FFC655 /* invalidEmojiList.json */,
			);
			path = Json;
			sourceTree = "<group>";
		};
		91670D842AF8367B00FFC655 /* Mocks */ = {
			isa = PBXGroup;
			children = (
				91670D802AF8354A00FFC655 /* Json */,
				91670D8D2AF84AD200FFC655 /* GithubServiceMock.swift */,
				91670D932AF852AF00FFC655 /* URLMocks.swift */,
			);
			path = Mocks;
			sourceTree = "<group>";
		};
		91670D892AF845D200FFC655 /* APIClient */ = {
			isa = PBXGroup;
			children = (
				9105531A2AF5D1840083ADFF /* APIClient.swift */,
				91670D8A2AF845DE00FFC655 /* APIClientInterface.swift */,
			);
			path = APIClient;
			sourceTree = "<group>";
		};
		91670D8C2AF8497A00FFC655 /* Services */ = {
			isa = PBXGroup;
			children = (
				9105531E2AF5DB040083ADFF /* GithubService.swift */,
				91670D852AF83ECD00FFC655 /* Service.swift */,
			);
			path = Services;
			sourceTree = "<group>";
		};
		91E46DC62AF5B93800A835E4 = {
			isa = PBXGroup;
			children = (
				91E46DD12AF5B93800A835E4 /* BlissMoji */,
				91E46DE22AF5B93C00A835E4 /* BlissMojiTests */,
				91E46DEC2AF5B93C00A835E4 /* BlissMojiUITests */,
				91E46DD02AF5B93800A835E4 /* Products */,
			);
			sourceTree = "<group>";
		};
		91E46DD02AF5B93800A835E4 /* Products */ = {
			isa = PBXGroup;
			children = (
				91E46DCF2AF5B93800A835E4 /* BlissMoji.app */,
				91E46DDF2AF5B93C00A835E4 /* BlissMojiTests.xctest */,
				91E46DE92AF5B93C00A835E4 /* BlissMojiUITests.xctest */,
			);
			name = Products;
			sourceTree = "<group>";
		};
		91E46DD12AF5B93800A835E4 /* BlissMoji */ = {
			isa = PBXGroup;
			children = (
				91E46DD22AF5B93800A835E4 /* BlissMojiApp.swift */,
				9105530A2AF5BC7E0083ADFF /* Common */,
				910553062AF5BAF90083ADFF /* Service */,
				910553232AF5DD970083ADFF /* Views */,
				91E46DD62AF5B93C00A835E4 /* Assets.xcassets */,
				91E46DD82AF5B93C00A835E4 /* Preview Content */,
				910553152AF5C9220083ADFF /* Localizable */,
			);
			path = BlissMoji;
			sourceTree = "<group>";
		};
		91E46DD82AF5B93C00A835E4 /* Preview Content */ = {
			isa = PBXGroup;
			children = (
				91E46DD92AF5B93C00A835E4 /* Preview Assets.xcassets */,
			);
			path = "Preview Content";
			sourceTree = "<group>";
		};
		91E46DE22AF5B93C00A835E4 /* BlissMojiTests */ = {
			isa = PBXGroup;
			children = (
				91670D842AF8367B00FFC655 /* Mocks */,
				91E46DE32AF5B93C00A835E4 /* EmojiAdapterTests.swift */,
				91670D952AF8560D00FFC655 /* MainViewModelTests.swift */,
				91670D992AF85B0E00FFC655 /* EmojisListViewModelTests.swift */,
				91670D9B2AF85E2200FFC655 /* EmojiViewModelTests.swift */,
				91670D832AF8366F00FFC655 /* BlissMojiTests.xctestplan */,
			);
			path = BlissMojiTests;
			sourceTree = "<group>";
		};
		91E46DEC2AF5B93C00A835E4 /* BlissMojiUITests */ = {
			isa = PBXGroup;
			children = (
				91E46DED2AF5B93C00A835E4 /* BlissMojiUITests.swift */,
				91E46DEF2AF5B93C00A835E4 /* BlissMojiUITestsLaunchTests.swift */,
			);
			path = BlissMojiUITests;
			sourceTree = "<group>";
		};
/* End PBXGroup section */

/* Begin PBXNativeTarget section */
		91E46DCE2AF5B93800A835E4 /* BlissMoji */ = {
			isa = PBXNativeTarget;
			buildConfigurationList = 91E46DF32AF5B93C00A835E4 /* Build configuration list for PBXNativeTarget "BlissMoji" */;
			buildPhases = (
				91E46DCB2AF5B93800A835E4 /* Sources */,
				91E46DCC2AF5B93800A835E4 /* Frameworks */,
				91E46DCD2AF5B93800A835E4 /* Resources */,
			);
			buildRules = (
			);
			dependencies = (
			);
			name = BlissMoji;
			productName = BlissMoji;
			productReference = 91E46DCF2AF5B93800A835E4 /* BlissMoji.app */;
			productType = "com.apple.product-type.application";
		};
		91E46DDE2AF5B93C00A835E4 /* BlissMojiTests */ = {
			isa = PBXNativeTarget;
			buildConfigurationList = 91E46DF62AF5B93C00A835E4 /* Build configuration list for PBXNativeTarget "BlissMojiTests" */;
			buildPhases = (
				91E46DDB2AF5B93C00A835E4 /* Sources */,
				91E46DDC2AF5B93C00A835E4 /* Frameworks */,
				91E46DDD2AF5B93C00A835E4 /* Resources */,
			);
			buildRules = (
			);
			dependencies = (
				91E46DE12AF5B93C00A835E4 /* PBXTargetDependency */,
			);
			name = BlissMojiTests;
			productName = BlissMojiTests;
			productReference = 91E46DDF2AF5B93C00A835E4 /* BlissMojiTests.xctest */;
			productType = "com.apple.product-type.bundle.unit-test";
		};
		91E46DE82AF5B93C00A835E4 /* BlissMojiUITests */ = {
			isa = PBXNativeTarget;
			buildConfigurationList = 91E46DF92AF5B93C00A835E4 /* Build configuration list for PBXNativeTarget "BlissMojiUITests" */;
			buildPhases = (
				91E46DE52AF5B93C00A835E4 /* Sources */,
				91E46DE62AF5B93C00A835E4 /* Frameworks */,
				91E46DE72AF5B93C00A835E4 /* Resources */,
			);
			buildRules = (
			);
			dependencies = (
				91E46DEB2AF5B93C00A835E4 /* PBXTargetDependency */,
			);
			name = BlissMojiUITests;
			productName = BlissMojiUITests;
			productReference = 91E46DE92AF5B93C00A835E4 /* BlissMojiUITests.xctest */;
			productType = "com.apple.product-type.bundle.ui-testing";
		};
/* End PBXNativeTarget section */

/* Begin PBXProject section */
		91E46DC72AF5B93800A835E4 /* Project object */ = {
			isa = PBXProject;
			attributes = {
				BuildIndependentTargetsInParallel = 1;
				LastSwiftUpdateCheck = 1500;
				LastUpgradeCheck = 1500;
				TargetAttributes = {
					91E46DCE2AF5B93800A835E4 = {
						CreatedOnToolsVersion = 15.0.1;
					};
					91E46DDE2AF5B93C00A835E4 = {
						CreatedOnToolsVersion = 15.0.1;
						TestTargetID = 91E46DCE2AF5B93800A835E4;
					};
					91E46DE82AF5B93C00A835E4 = {
						CreatedOnToolsVersion = 15.0.1;
						TestTargetID = 91E46DCE2AF5B93800A835E4;
					};
				};
			};
			buildConfigurationList = 91E46DCA2AF5B93800A835E4 /* Build configuration list for PBXProject "BlissMoji" */;
			compatibilityVersion = "Xcode 14.0";
			developmentRegion = en;
			hasScannedForEncodings = 0;
			knownRegions = (
				en,
				Base,
			);
			mainGroup = 91E46DC62AF5B93800A835E4;
			productRefGroup = 91E46DD02AF5B93800A835E4 /* Products */;
			projectDirPath = "";
			projectRoot = "";
			targets = (
				91E46DCE2AF5B93800A835E4 /* BlissMoji */,
				91E46DDE2AF5B93C00A835E4 /* BlissMojiTests */,
				91E46DE82AF5B93C00A835E4 /* BlissMojiUITests */,
			);
		};
/* End PBXProject section */

/* Begin PBXResourcesBuildPhase section */
		91E46DCD2AF5B93800A835E4 /* Resources */ = {
			isa = PBXResourcesBuildPhase;
			buildActionMask = 2147483647;
			files = (
				91E46DDA2AF5B93C00A835E4 /* Preview Assets.xcassets in Resources */,
				91E46DD72AF5B93C00A835E4 /* Assets.xcassets in Resources */,
				910553142AF5BE570083ADFF /* Localizable.xcstrings in Resources */,
			);
			runOnlyForDeploymentPostprocessing = 0;
		};
		91E46DDD2AF5B93C00A835E4 /* Resources */ = {
			isa = PBXResourcesBuildPhase;
			buildActionMask = 2147483647;
			files = (
				91670D822AF8357D00FFC655 /* emojiList.json in Resources */,
				91670D922AF8502A00FFC655 /* invalidEmojiList.json in Resources */,
				91670D902AF84D2800FFC655 /* imageBase64.json in Resources */,
			);
			runOnlyForDeploymentPostprocessing = 0;
		};
		91E46DE72AF5B93C00A835E4 /* Resources */ = {
			isa = PBXResourcesBuildPhase;
			buildActionMask = 2147483647;
			files = (
			);
			runOnlyForDeploymentPostprocessing = 0;
		};
/* End PBXResourcesBuildPhase section */

/* Begin PBXSourcesBuildPhase section */
		91E46DCB2AF5B93800A835E4 /* Sources */ = {
			isa = PBXSourcesBuildPhase;
			buildActionMask = 2147483647;
			files = (
				91670D8B2AF845DE00FFC655 /* APIClientInterface.swift in Sources */,
				910553222AF5DCA20083ADFF /* Array.swift in Sources */,
				91670D982AF85A0800FFC655 /* ViewState.swift in Sources */,
				91E46DD52AF5B93800A835E4 /* MainView.swift in Sources */,
				910553282AF5EA4C0083ADFF /* EmojiAdapter.swift in Sources */,
				91670D7F2AF7F7D300FFC655 /* EmojisViewModel.swift in Sources */,
				910553172AF5C97C0083ADFF /* Localized.swift in Sources */,
				9105531F2AF5DB040083ADFF /* GithubService.swift in Sources */,
				91670D882AF844B200FFC655 /* EmojiAdapterInterface.swift in Sources */,
				9105532A2AF5F2E00083ADFF /* EmojiView.swift in Sources */,
				910553192AF5CF0C0083ADFF /* LocalizableStrings.swift in Sources */,
				91670D792AF7F78400FFC655 /* MainViewModel.swift in Sources */,
				9105530D2AF5BC960083ADFF /* NetworkError.swift in Sources */,
				91E46DD32AF5B93800A835E4 /* BlissMojiApp.swift in Sources */,
				91670D862AF83ECD00FFC655 /* Service.swift in Sources */,
				91670D7D2AF7F7CA00FFC655 /* EmojisListViewModel.swift in Sources */,
				9105532C2AF60E020083ADFF /* EmojisListView.swift in Sources */,
				9105531D2AF5D2520083ADFF /* EndPoint.swift in Sources */,
				910553252AF5E6670083ADFF /* EmojiModel.swift in Sources */,
				9105531B2AF5D1840083ADFF /* APIClient.swift in Sources */,
			);
			runOnlyForDeploymentPostprocessing = 0;
		};
		91E46DDB2AF5B93C00A835E4 /* Sources */ = {
			isa = PBXSourcesBuildPhase;
			buildActionMask = 2147483647;
			files = (
				91E46DE42AF5B93C00A835E4 /* EmojiAdapterTests.swift in Sources */,
				91670D9C2AF85E2200FFC655 /* EmojiViewModelTests.swift in Sources */,
				91670D942AF852AF00FFC655 /* URLMocks.swift in Sources */,
				91670D8E2AF84AD200FFC655 /* GithubServiceMock.swift in Sources */,
				91670D962AF8560D00FFC655 /* MainViewModelTests.swift in Sources */,
				91670D9A2AF85B0E00FFC655 /* EmojisListViewModelTests.swift in Sources */,
			);
			runOnlyForDeploymentPostprocessing = 0;
		};
		91E46DE52AF5B93C00A835E4 /* Sources */ = {
			isa = PBXSourcesBuildPhase;
			buildActionMask = 2147483647;
			files = (
				91E46DEE2AF5B93C00A835E4 /* BlissMojiUITests.swift in Sources */,
				91E46DF02AF5B93C00A835E4 /* BlissMojiUITestsLaunchTests.swift in Sources */,
			);
			runOnlyForDeploymentPostprocessing = 0;
		};
/* End PBXSourcesBuildPhase section */

/* Begin PBXTargetDependency section */
		91E46DE12AF5B93C00A835E4 /* PBXTargetDependency */ = {
			isa = PBXTargetDependency;
			target = 91E46DCE2AF5B93800A835E4 /* BlissMoji */;
			targetProxy = 91E46DE02AF5B93C00A835E4 /* PBXContainerItemProxy */;
		};
		91E46DEB2AF5B93C00A835E4 /* PBXTargetDependency */ = {
			isa = PBXTargetDependency;
			target = 91E46DCE2AF5B93800A835E4 /* BlissMoji */;
			targetProxy = 91E46DEA2AF5B93C00A835E4 /* PBXContainerItemProxy */;
		};
/* End PBXTargetDependency section */

/* Begin XCBuildConfiguration section */
		91E46DF12AF5B93C00A835E4 /* Debug */ = {
			isa = XCBuildConfiguration;
			buildSettings = {
				ALWAYS_SEARCH_USER_PATHS = NO;
				ASSETCATALOG_COMPILER_GENERATE_SWIFT_ASSET_SYMBOL_EXTENSIONS = YES;
				CLANG_ANALYZER_NONNULL = YES;
				CLANG_ANALYZER_NUMBER_OBJECT_CONVERSION = YES_AGGRESSIVE;
				CLANG_CXX_LANGUAGE_STANDARD = "gnu++20";
				CLANG_ENABLE_MODULES = YES;
				CLANG_ENABLE_OBJC_ARC = YES;
				CLANG_ENABLE_OBJC_WEAK = YES;
				CLANG_WARN_BLOCK_CAPTURE_AUTORELEASING = YES;
				CLANG_WARN_BOOL_CONVERSION = YES;
				CLANG_WARN_COMMA = YES;
				CLANG_WARN_CONSTANT_CONVERSION = YES;
				CLANG_WARN_DEPRECATED_OBJC_IMPLEMENTATIONS = YES;
				CLANG_WARN_DIRECT_OBJC_ISA_USAGE = YES_ERROR;
				CLANG_WARN_DOCUMENTATION_COMMENTS = YES;
				CLANG_WARN_EMPTY_BODY = YES;
				CLANG_WARN_ENUM_CONVERSION = YES;
				CLANG_WARN_INFINITE_RECURSION = YES;
				CLANG_WARN_INT_CONVERSION = YES;
				CLANG_WARN_NON_LITERAL_NULL_CONVERSION = YES;
				CLANG_WARN_OBJC_IMPLICIT_RETAIN_SELF = YES;
				CLANG_WARN_OBJC_LITERAL_CONVERSION = YES;
				CLANG_WARN_OBJC_ROOT_CLASS = YES_ERROR;
				CLANG_WARN_QUOTED_INCLUDE_IN_FRAMEWORK_HEADER = YES;
				CLANG_WARN_RANGE_LOOP_ANALYSIS = YES;
				CLANG_WARN_STRICT_PROTOTYPES = YES;
				CLANG_WARN_SUSPICIOUS_MOVE = YES;
				CLANG_WARN_UNGUARDED_AVAILABILITY = YES_AGGRESSIVE;
				CLANG_WARN_UNREACHABLE_CODE = YES;
				CLANG_WARN__DUPLICATE_METHOD_MATCH = YES;
				COPY_PHASE_STRIP = NO;
				DEBUG_INFORMATION_FORMAT = dwarf;
				ENABLE_STRICT_OBJC_MSGSEND = YES;
				ENABLE_TESTABILITY = YES;
				ENABLE_USER_SCRIPT_SANDBOXING = YES;
				GCC_C_LANGUAGE_STANDARD = gnu17;
				GCC_DYNAMIC_NO_PIC = NO;
				GCC_NO_COMMON_BLOCKS = YES;
				GCC_OPTIMIZATION_LEVEL = 0;
				GCC_PREPROCESSOR_DEFINITIONS = (
					"DEBUG=1",
					"$(inherited)",
				);
				GCC_WARN_64_TO_32_BIT_CONVERSION = YES;
				GCC_WARN_ABOUT_RETURN_TYPE = YES_ERROR;
				GCC_WARN_UNDECLARED_SELECTOR = YES;
				GCC_WARN_UNINITIALIZED_AUTOS = YES_AGGRESSIVE;
				GCC_WARN_UNUSED_FUNCTION = YES;
				GCC_WARN_UNUSED_VARIABLE = YES;
				IPHONEOS_DEPLOYMENT_TARGET = 17.0;
				LOCALIZATION_PREFERS_STRING_CATALOGS = YES;
				MTL_ENABLE_DEBUG_INFO = INCLUDE_SOURCE;
				MTL_FAST_MATH = YES;
				ONLY_ACTIVE_ARCH = YES;
				SDKROOT = iphoneos;
				SWIFT_ACTIVE_COMPILATION_CONDITIONS = "DEBUG $(inherited)";
				SWIFT_OPTIMIZATION_LEVEL = "-Onone";
			};
			name = Debug;
		};
		91E46DF22AF5B93C00A835E4 /* Release */ = {
			isa = XCBuildConfiguration;
			buildSettings = {
				ALWAYS_SEARCH_USER_PATHS = NO;
				ASSETCATALOG_COMPILER_GENERATE_SWIFT_ASSET_SYMBOL_EXTENSIONS = YES;
				CLANG_ANALYZER_NONNULL = YES;
				CLANG_ANALYZER_NUMBER_OBJECT_CONVERSION = YES_AGGRESSIVE;
				CLANG_CXX_LANGUAGE_STANDARD = "gnu++20";
				CLANG_ENABLE_MODULES = YES;
				CLANG_ENABLE_OBJC_ARC = YES;
				CLANG_ENABLE_OBJC_WEAK = YES;
				CLANG_WARN_BLOCK_CAPTURE_AUTORELEASING = YES;
				CLANG_WARN_BOOL_CONVERSION = YES;
				CLANG_WARN_COMMA = YES;
				CLANG_WARN_CONSTANT_CONVERSION = YES;
				CLANG_WARN_DEPRECATED_OBJC_IMPLEMENTATIONS = YES;
				CLANG_WARN_DIRECT_OBJC_ISA_USAGE = YES_ERROR;
				CLANG_WARN_DOCUMENTATION_COMMENTS = YES;
				CLANG_WARN_EMPTY_BODY = YES;
				CLANG_WARN_ENUM_CONVERSION = YES;
				CLANG_WARN_INFINITE_RECURSION = YES;
				CLANG_WARN_INT_CONVERSION = YES;
				CLANG_WARN_NON_LITERAL_NULL_CONVERSION = YES;
				CLANG_WARN_OBJC_IMPLICIT_RETAIN_SELF = YES;
				CLANG_WARN_OBJC_LITERAL_CONVERSION = YES;
				CLANG_WARN_OBJC_ROOT_CLASS = YES_ERROR;
				CLANG_WARN_QUOTED_INCLUDE_IN_FRAMEWORK_HEADER = YES;
				CLANG_WARN_RANGE_LOOP_ANALYSIS = YES;
				CLANG_WARN_STRICT_PROTOTYPES = YES;
				CLANG_WARN_SUSPICIOUS_MOVE = YES;
				CLANG_WARN_UNGUARDED_AVAILABILITY = YES_AGGRESSIVE;
				CLANG_WARN_UNREACHABLE_CODE = YES;
				CLANG_WARN__DUPLICATE_METHOD_MATCH = YES;
				COPY_PHASE_STRIP = NO;
				DEBUG_INFORMATION_FORMAT = "dwarf-with-dsym";
				ENABLE_NS_ASSERTIONS = NO;
				ENABLE_STRICT_OBJC_MSGSEND = YES;
				ENABLE_USER_SCRIPT_SANDBOXING = YES;
				GCC_C_LANGUAGE_STANDARD = gnu17;
				GCC_NO_COMMON_BLOCKS = YES;
				GCC_WARN_64_TO_32_BIT_CONVERSION = YES;
				GCC_WARN_ABOUT_RETURN_TYPE = YES_ERROR;
				GCC_WARN_UNDECLARED_SELECTOR = YES;
				GCC_WARN_UNINITIALIZED_AUTOS = YES_AGGRESSIVE;
				GCC_WARN_UNUSED_FUNCTION = YES;
				GCC_WARN_UNUSED_VARIABLE = YES;
				IPHONEOS_DEPLOYMENT_TARGET = 17.0;
				LOCALIZATION_PREFERS_STRING_CATALOGS = YES;
				MTL_ENABLE_DEBUG_INFO = NO;
				MTL_FAST_MATH = YES;
				SDKROOT = iphoneos;
				SWIFT_COMPILATION_MODE = wholemodule;
				VALIDATE_PRODUCT = YES;
			};
			name = Release;
		};
		91E46DF42AF5B93C00A835E4 /* Debug */ = {
			isa = XCBuildConfiguration;
			buildSettings = {
				ASSETCATALOG_COMPILER_APPICON_NAME = AppIcon;
				ASSETCATALOG_COMPILER_GLOBAL_ACCENT_COLOR_NAME = AccentColor;
				CODE_SIGN_STYLE = Automatic;
				CURRENT_PROJECT_VERSION = 1;
				DEVELOPMENT_ASSET_PATHS = "\"BlissMoji/Preview Content\"";
				DEVELOPMENT_TEAM = DF7FAJJH84;
				ENABLE_PREVIEWS = YES;
				GENERATE_INFOPLIST_FILE = YES;
				INFOPLIST_KEY_UIApplicationSceneManifest_Generation = YES;
				INFOPLIST_KEY_UIApplicationSupportsIndirectInputEvents = YES;
				INFOPLIST_KEY_UILaunchScreen_Generation = YES;
				INFOPLIST_KEY_UISupportedInterfaceOrientations_iPad = "UIInterfaceOrientationPortrait UIInterfaceOrientationPortraitUpsideDown UIInterfaceOrientationLandscapeLeft UIInterfaceOrientationLandscapeRight";
				INFOPLIST_KEY_UISupportedInterfaceOrientations_iPhone = "UIInterfaceOrientationPortrait UIInterfaceOrientationLandscapeLeft UIInterfaceOrientationLandscapeRight";
				LD_RUNPATH_SEARCH_PATHS = (
					"$(inherited)",
					"@executable_path/Frameworks",
				);
				MARKETING_VERSION = 1.0;
				PRODUCT_BUNDLE_IDENTIFIER = com.ar.BlissMoji;
				PRODUCT_NAME = "$(TARGET_NAME)";
				SWIFT_EMIT_LOC_STRINGS = YES;
				SWIFT_VERSION = 5.0;
				TARGETED_DEVICE_FAMILY = "1,2";
			};
			name = Debug;
		};
		91E46DF52AF5B93C00A835E4 /* Release */ = {
			isa = XCBuildConfiguration;
			buildSettings = {
				ASSETCATALOG_COMPILER_APPICON_NAME = AppIcon;
				ASSETCATALOG_COMPILER_GLOBAL_ACCENT_COLOR_NAME = AccentColor;
				CODE_SIGN_STYLE = Automatic;
				CURRENT_PROJECT_VERSION = 1;
				DEVELOPMENT_ASSET_PATHS = "\"BlissMoji/Preview Content\"";
				DEVELOPMENT_TEAM = DF7FAJJH84;
				ENABLE_PREVIEWS = YES;
				GENERATE_INFOPLIST_FILE = YES;
				INFOPLIST_KEY_UIApplicationSceneManifest_Generation = YES;
				INFOPLIST_KEY_UIApplicationSupportsIndirectInputEvents = YES;
				INFOPLIST_KEY_UILaunchScreen_Generation = YES;
				INFOPLIST_KEY_UISupportedInterfaceOrientations_iPad = "UIInterfaceOrientationPortrait UIInterfaceOrientationPortraitUpsideDown UIInterfaceOrientationLandscapeLeft UIInterfaceOrientationLandscapeRight";
				INFOPLIST_KEY_UISupportedInterfaceOrientations_iPhone = "UIInterfaceOrientationPortrait UIInterfaceOrientationLandscapeLeft UIInterfaceOrientationLandscapeRight";
				LD_RUNPATH_SEARCH_PATHS = (
					"$(inherited)",
					"@executable_path/Frameworks",
				);
				MARKETING_VERSION = 1.0;
				PRODUCT_BUNDLE_IDENTIFIER = com.ar.BlissMoji;
				PRODUCT_NAME = "$(TARGET_NAME)";
				SWIFT_EMIT_LOC_STRINGS = YES;
				SWIFT_VERSION = 5.0;
				TARGETED_DEVICE_FAMILY = "1,2";
			};
			name = Release;
		};
		91E46DF72AF5B93C00A835E4 /* Debug */ = {
			isa = XCBuildConfiguration;
			buildSettings = {
				ALWAYS_EMBED_SWIFT_STANDARD_LIBRARIES = YES;
				BUNDLE_LOADER = "$(TEST_HOST)";
				CODE_SIGN_STYLE = Automatic;
				CURRENT_PROJECT_VERSION = 1;
				DEVELOPMENT_TEAM = DF7FAJJH84;
				GENERATE_INFOPLIST_FILE = YES;
				IPHONEOS_DEPLOYMENT_TARGET = 17.0;
				MARKETING_VERSION = 1.0;
				PRODUCT_BUNDLE_IDENTIFIER = com.ar.BlissMojiTests;
				PRODUCT_NAME = "$(TARGET_NAME)";
				SWIFT_EMIT_LOC_STRINGS = NO;
				SWIFT_VERSION = 5.0;
				TARGETED_DEVICE_FAMILY = "1,2";
				TEST_HOST = "$(BUILT_PRODUCTS_DIR)/BlissMoji.app/$(BUNDLE_EXECUTABLE_FOLDER_PATH)/BlissMoji";
			};
			name = Debug;
		};
		91E46DF82AF5B93C00A835E4 /* Release */ = {
			isa = XCBuildConfiguration;
			buildSettings = {
				ALWAYS_EMBED_SWIFT_STANDARD_LIBRARIES = YES;
				BUNDLE_LOADER = "$(TEST_HOST)";
				CODE_SIGN_STYLE = Automatic;
				CURRENT_PROJECT_VERSION = 1;
				DEVELOPMENT_TEAM = DF7FAJJH84;
				GENERATE_INFOPLIST_FILE = YES;
				IPHONEOS_DEPLOYMENT_TARGET = 17.0;
				MARKETING_VERSION = 1.0;
				PRODUCT_BUNDLE_IDENTIFIER = com.ar.BlissMojiTests;
				PRODUCT_NAME = "$(TARGET_NAME)";
				SWIFT_EMIT_LOC_STRINGS = NO;
				SWIFT_VERSION = 5.0;
				TARGETED_DEVICE_FAMILY = "1,2";
				TEST_HOST = "$(BUILT_PRODUCTS_DIR)/BlissMoji.app/$(BUNDLE_EXECUTABLE_FOLDER_PATH)/BlissMoji";
			};
			name = Release;
		};
		91E46DFA2AF5B93C00A835E4 /* Debug */ = {
			isa = XCBuildConfiguration;
			buildSettings = {
				ALWAYS_EMBED_SWIFT_STANDARD_LIBRARIES = YES;
				CODE_SIGN_STYLE = Automatic;
				CURRENT_PROJECT_VERSION = 1;
				DEVELOPMENT_TEAM = DF7FAJJH84;
				GENERATE_INFOPLIST_FILE = YES;
				MARKETING_VERSION = 1.0;
				PRODUCT_BUNDLE_IDENTIFIER = com.ar.BlissMojiUITests;
				PRODUCT_NAME = "$(TARGET_NAME)";
				SWIFT_EMIT_LOC_STRINGS = NO;
				SWIFT_VERSION = 5.0;
				TARGETED_DEVICE_FAMILY = "1,2";
				TEST_TARGET_NAME = BlissMoji;
			};
			name = Debug;
		};
		91E46DFB2AF5B93C00A835E4 /* Release */ = {
			isa = XCBuildConfiguration;
			buildSettings = {
				ALWAYS_EMBED_SWIFT_STANDARD_LIBRARIES = YES;
				CODE_SIGN_STYLE = Automatic;
				CURRENT_PROJECT_VERSION = 1;
				DEVELOPMENT_TEAM = DF7FAJJH84;
				GENERATE_INFOPLIST_FILE = YES;
				MARKETING_VERSION = 1.0;
				PRODUCT_BUNDLE_IDENTIFIER = com.ar.BlissMojiUITests;
				PRODUCT_NAME = "$(TARGET_NAME)";
				SWIFT_EMIT_LOC_STRINGS = NO;
				SWIFT_VERSION = 5.0;
				TARGETED_DEVICE_FAMILY = "1,2";
				TEST_TARGET_NAME = BlissMoji;
			};
			name = Release;
		};
/* End XCBuildConfiguration section */

/* Begin XCConfigurationList section */
		91E46DCA2AF5B93800A835E4 /* Build configuration list for PBXProject "BlissMoji" */ = {
			isa = XCConfigurationList;
			buildConfigurations = (
				91E46DF12AF5B93C00A835E4 /* Debug */,
				91E46DF22AF5B93C00A835E4 /* Release */,
			);
			defaultConfigurationIsVisible = 0;
			defaultConfigurationName = Release;
		};
		91E46DF32AF5B93C00A835E4 /* Build configuration list for PBXNativeTarget "BlissMoji" */ = {
			isa = XCConfigurationList;
			buildConfigurations = (
				91E46DF42AF5B93C00A835E4 /* Debug */,
				91E46DF52AF5B93C00A835E4 /* Release */,
			);
			defaultConfigurationIsVisible = 0;
			defaultConfigurationName = Release;
		};
		91E46DF62AF5B93C00A835E4 /* Build configuration list for PBXNativeTarget "BlissMojiTests" */ = {
			isa = XCConfigurationList;
			buildConfigurations = (
				91E46DF72AF5B93C00A835E4 /* Debug */,
				91E46DF82AF5B93C00A835E4 /* Release */,
			);
			defaultConfigurationIsVisible = 0;
			defaultConfigurationName = Release;
		};
		91E46DF92AF5B93C00A835E4 /* Build configuration list for PBXNativeTarget "BlissMojiUITests" */ = {
			isa = XCConfigurationList;
			buildConfigurations = (
				91E46DFA2AF5B93C00A835E4 /* Debug */,
				91E46DFB2AF5B93C00A835E4 /* Release */,
			);
			defaultConfigurationIsVisible = 0;
			defaultConfigurationName = Release;
		};
/* End XCConfigurationList section */
	};
	rootObject = 91E46DC72AF5B93800A835E4 /* Project object */;
}
